
Microsoft Visual Studio Solution File, Format Version 12.00
# Visual Studio Version 17
VisualStudioVersion = 17.9.34622.214
MinimumVisualStudioVersion = 10.0.40219.1
Project("{9A19103F-16F7-4668-BE54-9A1E7A4F7556}") = "RunningTracker.Api", "RunningTracker.Api\RunningTracker.Api.csproj", "{4D8CD3A8-7FC5-4125-917D-763A1C931E0E}"
EndProject
Project("{FAE04EC0-301F-11D3-BF4B-00C04F79EFBC}") = "RunningTracker.Domain", "RunningTracker.Domain\RunningTracker.Domain.csproj", "{C7505D90-481A-4116-826A-004025384EC2}"
EndProject
Project("{FAE04EC0-301F-11D3-BF4B-00C04F79EFBC}") = "RunningTracker.Infrastructure", "RunningTracker.Infrastructure\RunningTracker.Infrastructure.csproj", "{D70A4021-C212-49FD-9CF7-3CEFA4A5B1E4}"
EndProject
Project("{9A19103F-16F7-4668-BE54-9A1E7A4F7556}") = "RunningTracker.Persistence", "RunningTracker.Persistence\RunningTracker.Persistence.csproj", "{1F20B1D0-4CA5-432E-993D-926ED44768C0}"
EndProject
Project("{FAE04EC0-301F-11D3-BF4B-00C04F79EFBC}") = "RunningTracker.Application", "RunningTracker.Application\RunningTracker.Application.csproj", "{8B33F4A2-FF60-46A0-86C6-BCC62B3B5DD4}"
EndProject
Global
	GlobalSection(SolutionConfigurationPlatforms) = preSolution
		Debug|Any CPU = Debug|Any CPU
		Release|Any CPU = Release|Any CPU
	EndGlobalSection
	GlobalSection(ProjectConfigurationPlatforms) = postSolution
		{4D8CD3A8-7FC5-4125-917D-763A1C931E0E}.Debug|Any CPU.ActiveCfg = Debug|Any CPU
		{4D8CD3A8-7FC5-4125-917D-763A1C931E0E}.Debug|Any CPU.Build.0 = Debug|Any CPU
		{4D8CD3A8-7FC5-4125-917D-763A1C931E0E}.Release|Any CPU.ActiveCfg = Release|Any CPU
		{4D8CD3A8-7FC5-4125-917D-763A1C931E0E}.Release|Any CPU.Build.0 = Release|Any CPU
		{C7505D90-481A-4116-826A-004025384EC2}.Debug|Any CPU.ActiveCfg = Debug|Any CPU
		{C7505D90-481A-4116-826A-004025384EC2}.Debug|Any CPU.Build.0 = Debug|Any CPU
		{C7505D90-481A-4116-826A-004025384EC2}.Release|Any CPU.ActiveCfg = Release|Any CPU
		{C7505D90-481A-4116-826A-004025384EC2}.Release|Any CPU.Build.0 = Release|Any CPU
		{D70A4021-C212-49FD-9CF7-3CEFA4A5B1E4}.Debug|Any CPU.ActiveCfg = Debug|Any CPU
		{D70A4021-C212-49FD-9CF7-3CEFA4A5B1E4}.Debug|Any CPU.Build.0 = Debug|Any CPU
		{D70A4021-C212-49FD-9CF7-3CEFA4A5B1E4}.Release|Any CPU.ActiveCfg = Release|Any CPU
		{D70A4021-C212-49FD-9CF7-3CEFA4A5B1E4}.Release|Any CPU.Build.0 = Release|Any CPU
		{1F20B1D0-4CA5-432E-993D-926ED44768C0}.Debug|Any CPU.ActiveCfg = Debug|Any CPU
		{1F20B1D0-4CA5-432E-993D-926ED44768C0}.Debug|Any CPU.Build.0 = Debug|Any CPU
		{1F20B1D0-4CA5-432E-993D-926ED44768C0}.Release|Any CPU.ActiveCfg = Release|Any CPU
		{1F20B1D0-4CA5-432E-993D-926ED44768C0}.Release|Any CPU.Build.0 = Release|Any CPU
		{8B33F4A2-FF60-46A0-86C6-BCC62B3B5DD4}.Debug|Any CPU.ActiveCfg = Debug|Any CPU
		{8B33F4A2-FF60-46A0-86C6-BCC62B3B5DD4}.Debug|Any CPU.Build.0 = Debug|Any CPU
		{8B33F4A2-FF60-46A0-86C6-BCC62B3B5DD4}.Release|Any CPU.ActiveCfg = Release|Any CPU
		{8B33F4A2-FF60-46A0-86C6-BCC62B3B5DD4}.Release|Any CPU.Build.0 = Release|Any CPU
	EndGlobalSection
	GlobalSection(SolutionProperties) = preSolution
		HideSolutionNode = FALSE
	EndGlobalSection
	GlobalSection(ExtensibilityGlobals) = postSolution
		SolutionGuid = {7D11B0B0-C120-4D86-85CB-AD40A24FEC8F}
	EndGlobalSection
EndGlobal
