
Microsoft Visual Studio Solution File, Format Version 12.00
# Visual Studio Version 17
VisualStudioVersion = 17.9.34622.214
MinimumVisualStudioVersion = 10.0.40219.1
Project("{FAE04EC0-301F-11D3-BF4B-00C04F79EFBC}") = "RunningTracker.Api", "RunningTracker.Api\RunningTracker.Api.csproj", "{4D8CD3A8-7FC5-4125-917D-763A1C931E0E}"
EndProject
Global
	GlobalSection(SolutionConfigurationPlatforms) = preSolution
		Debug|Any CPU = Debug|Any CPU
		Release|Any CPU = Release|Any CPU
	EndGlobalSection
	GlobalSection(ProjectConfigurationPlatforms) = postSolution
		{4D8CD3A8-7FC5-4125-917D-763A1C931E0E}.Debug|Any CPU.ActiveCfg = Debug|Any CPU
		{4D8CD3A8-7FC5-4125-917D-763A1C931E0E}.Debug|Any CPU.Build.0 = Debug|Any CPU
		{4D8CD3A8-7FC5-4125-917D-763A1C931E0E}.Release|Any CPU.ActiveCfg = Release|Any CPU
		{4D8CD3A8-7FC5-4125-917D-763A1C931E0E}.Release|Any CPU.Build.0 = Release|Any CPU
	EndGlobalSection
	GlobalSection(SolutionProperties) = preSolution
		HideSolutionNode = FALSE
	EndGlobalSection
	GlobalSection(ExtensibilityGlobals) = postSolution
		SolutionGuid = {7D11B0B0-C120-4D86-85CB-AD40A24FEC8F}
	EndGlobalSection
EndGlobal
